
Microsoft Visual Studio Solution File, Format Version 12.00
# Visual Studio Version 17
VisualStudioVersion = 17.4.33213.308
MinimumVisualStudioVersion = 10.0.40219.1
Project("{8BC9CEB8-8B4A-11D0-8D11-00A0C91BC942}") = "Ateam_HW", "Ateam_HW\Ateam_HW.vcxproj", "{1745CB15-A6DE-4663-8CF5-595A70B0120D}"
EndProject
Global
	GlobalSection(SolutionConfigurationPlatforms) = preSolution
		Debug|x64 = Debug|x64
		Debug|x86 = Debug|x86
		Release|x64 = Release|x64
		Release|x86 = Release|x86
	EndGlobalSection
	GlobalSection(ProjectConfigurationPlatforms) = postSolution
		{1745CB15-A6DE-4663-8CF5-595A70B0120D}.Debug|x64.ActiveCfg = Debug|x64
		{1745CB15-A6DE-4663-8CF5-595A70B0120D}.Debug|x64.Build.0 = Debug|x64
		{1745CB15-A6DE-4663-8CF5-595A70B0120D}.Debug|x86.ActiveCfg = Debug|Win32
		{1745CB15-A6DE-4663-8CF5-595A70B0120D}.Debug|x86.Build.0 = Debug|Win32
		{1745CB15-A6DE-4663-8CF5-595A70B0120D}.Release|x64.ActiveCfg = Release|x64
		{1745CB15-A6DE-4663-8CF5-595A70B0120D}.Release|x64.Build.0 = Release|x64
		{1745CB15-A6DE-4663-8CF5-595A70B0120D}.Release|x86.ActiveCfg = Release|Win32
		{1745CB15-A6DE-4663-8CF5-595A70B0120D}.Release|x86.Build.0 = Release|Win32
	EndGlobalSection
	GlobalSection(SolutionProperties) = preSolution
		HideSolutionNode = FALSE
	EndGlobalSection
	GlobalSection(ExtensibilityGlobals) = postSolution
		SolutionGuid = {3DEB7122-3AA8-4849-8DF4-9AB791A76F51}
	EndGlobalSection
EndGlobal
